
Microsoft Visual Studio Solution File, Format Version 12.00
# Visual Studio Version 17
VisualStudioVersion = 17.6.33815.320
MinimumVisualStudioVersion = 10.0.40219.1
Project("{FAE04EC0-301F-11D3-BF4B-00C04F79EFBC}") = "ACME-TICKET", "ACME-TICKET.csproj", "{55297CC2-AA3D-4EDA-9E3D-3EDCF9B71EC4}"
EndProject
Global
	GlobalSection(SolutionConfigurationPlatforms) = preSolution
		Debug|Any CPU = Debug|Any CPU
		Release|Any CPU = Release|Any CPU
	EndGlobalSection
	GlobalSection(ProjectConfigurationPlatforms) = postSolution
		{55297CC2-AA3D-4EDA-9E3D-3EDCF9B71EC4}.Debug|Any CPU.ActiveCfg = Debug|Any CPU
		{55297CC2-AA3D-4EDA-9E3D-3EDCF9B71EC4}.Debug|Any CPU.Build.0 = Debug|Any CPU
		{55297CC2-AA3D-4EDA-9E3D-3EDCF9B71EC4}.Release|Any CPU.ActiveCfg = Release|Any CPU
		{55297CC2-AA3D-4EDA-9E3D-3EDCF9B71EC4}.Release|Any CPU.Build.0 = Release|Any CPU
	EndGlobalSection
	GlobalSection(SolutionProperties) = preSolution
		HideSolutionNode = FALSE
	EndGlobalSection
	GlobalSection(ExtensibilityGlobals) = postSolution
		SolutionGuid = {05FEAA92-328D-42A1-A83F-51D17E0255DC}
	EndGlobalSection
EndGlobal
